// !$*UTF8*$!
{
	archiveVersion = 1;
	classes = {
	};
	objectVersion = 56;
	objects = {

/* Begin PBXBuildFile section */
		CFF628C52BA81363008F16E8 /* RoutePlanningAppSwiftUIApp.swift in Sources */ = {isa = PBXBuildFile; fileRef = CFF628C42BA81363008F16E8 /* RoutePlanningAppSwiftUIApp.swift */; };
		CFF628C72BA81363008F16E8 /* ContentView.swift in Sources */ = {isa = PBXBuildFile; fileRef = CFF628C62BA81363008F16E8 /* ContentView.swift */; };
		CFF628C92BA8136C008F16E8 /* Assets.xcassets in Resources */ = {isa = PBXBuildFile; fileRef = CFF628C82BA8136C008F16E8 /* Assets.xcassets */; };
		CFF628CC2BA8136C008F16E8 /* Preview Assets.xcassets in Resources */ = {isa = PBXBuildFile; fileRef = CFF628CB2BA8136C008F16E8 /* Preview Assets.xcassets */; };
		CFF628EC2BA81969008F16E8 /* HomeView.swift in Sources */ = {isa = PBXBuildFile; fileRef = CFF628EB2BA81969008F16E8 /* HomeView.swift */; };
		CFF628EE2BA81E5F008F16E8 /* SideMenuButton.swift in Sources */ = {isa = PBXBuildFile; fileRef = CFF628ED2BA81E5F008F16E8 /* SideMenuButton.swift */; };
		CFF628F12BA820F6008F16E8 /* PlanRouteButtonView.swift in Sources */ = {isa = PBXBuildFile; fileRef = CFF628F02BA820F6008F16E8 /* PlanRouteButtonView.swift */; };
		CFF628F42BA82F23008F16E8 /* PlanRouteView.swift in Sources */ = {isa = PBXBuildFile; fileRef = CFF628F32BA82F23008F16E8 /* PlanRouteView.swift */; };
		CFF628F62BA833C3008F16E8 /* StandardTextFieldModifier.swift in Sources */ = {isa = PBXBuildFile; fileRef = CFF628F52BA833C3008F16E8 /* StandardTextFieldModifier.swift */; };
		CFF628F92BA83548008F16E8 /* PlusMinusButton.swift in Sources */ = {isa = PBXBuildFile; fileRef = CFF628F82BA83548008F16E8 /* PlusMinusButton.swift */; };
		CFF628FB2BA839A5008F16E8 /* StandardButtonModifier.swift in Sources */ = {isa = PBXBuildFile; fileRef = CFF628FA2BA839A5008F16E8 /* StandardButtonModifier.swift */; };
		CFF628FD2BA83D27008F16E8 /* AddressScrollView.swift in Sources */ = {isa = PBXBuildFile; fileRef = CFF628FC2BA83D27008F16E8 /* AddressScrollView.swift */; };
		CFF629002BA93EB8008F16E8 /* RoutePreviewView.swift in Sources */ = {isa = PBXBuildFile; fileRef = CFF628FF2BA93EB7008F16E8 /* RoutePreviewView.swift */; };
/* End PBXBuildFile section */

/* Begin PBXFileReference section */
		CFF628C12BA81363008F16E8 /* RoutePlanningAppSwiftUI.app */ = {isa = PBXFileReference; explicitFileType = wrapper.application; includeInIndex = 0; path = RoutePlanningAppSwiftUI.app; sourceTree = BUILT_PRODUCTS_DIR; };
		CFF628C42BA81363008F16E8 /* RoutePlanningAppSwiftUIApp.swift */ = {isa = PBXFileReference; lastKnownFileType = sourcecode.swift; path = RoutePlanningAppSwiftUIApp.swift; sourceTree = "<group>"; };
		CFF628C62BA81363008F16E8 /* ContentView.swift */ = {isa = PBXFileReference; lastKnownFileType = sourcecode.swift; path = ContentView.swift; sourceTree = "<group>"; };
		CFF628C82BA8136C008F16E8 /* Assets.xcassets */ = {isa = PBXFileReference; lastKnownFileType = folder.assetcatalog; path = Assets.xcassets; sourceTree = "<group>"; };
		CFF628CB2BA8136C008F16E8 /* Preview Assets.xcassets */ = {isa = PBXFileReference; lastKnownFileType = folder.assetcatalog; path = "Preview Assets.xcassets"; sourceTree = "<group>"; };
		CFF628EB2BA81969008F16E8 /* HomeView.swift */ = {isa = PBXFileReference; lastKnownFileType = sourcecode.swift; path = HomeView.swift; sourceTree = "<group>"; };
		CFF628ED2BA81E5F008F16E8 /* SideMenuButton.swift */ = {isa = PBXFileReference; lastKnownFileType = sourcecode.swift; path = SideMenuButton.swift; sourceTree = "<group>"; };
		CFF628F02BA820F6008F16E8 /* PlanRouteButtonView.swift */ = {isa = PBXFileReference; lastKnownFileType = sourcecode.swift; path = PlanRouteButtonView.swift; sourceTree = "<group>"; };
		CFF628F32BA82F23008F16E8 /* PlanRouteView.swift */ = {isa = PBXFileReference; lastKnownFileType = sourcecode.swift; path = PlanRouteView.swift; sourceTree = "<group>"; };
		CFF628F52BA833C3008F16E8 /* StandardTextFieldModifier.swift */ = {isa = PBXFileReference; lastKnownFileType = sourcecode.swift; path = StandardTextFieldModifier.swift; sourceTree = "<group>"; };
		CFF628F82BA83548008F16E8 /* PlusMinusButton.swift */ = {isa = PBXFileReference; lastKnownFileType = sourcecode.swift; path = PlusMinusButton.swift; sourceTree = "<group>"; };
		CFF628FA2BA839A5008F16E8 /* StandardButtonModifier.swift */ = {isa = PBXFileReference; lastKnownFileType = sourcecode.swift; path = StandardButtonModifier.swift; sourceTree = "<group>"; };
		CFF628FC2BA83D27008F16E8 /* AddressScrollView.swift */ = {isa = PBXFileReference; lastKnownFileType = sourcecode.swift; path = AddressScrollView.swift; sourceTree = "<group>"; };
		CFF628FF2BA93EB7008F16E8 /* RoutePreviewView.swift */ = {isa = PBXFileReference; lastKnownFileType = sourcecode.swift; path = RoutePreviewView.swift; sourceTree = "<group>"; };
/* End PBXFileReference section */

/* Begin PBXFrameworksBuildPhase section */
		CFF628BE2BA81363008F16E8 /* Frameworks */ = {
			isa = PBXFrameworksBuildPhase;
			buildActionMask = 2147483647;
			files = (
			);
			runOnlyForDeploymentPostprocessing = 0;
		};
/* End PBXFrameworksBuildPhase section */

/* Begin PBXGroup section */
		CFF628B82BA81363008F16E8 = {
			isa = PBXGroup;
			children = (
				CFF628C32BA81363008F16E8 /* RoutePlanningAppSwiftUI */,
				CFF628C22BA81363008F16E8 /* Products */,
			);
			sourceTree = "<group>";
		};
		CFF628C22BA81363008F16E8 /* Products */ = {
			isa = PBXGroup;
			children = (
				CFF628C12BA81363008F16E8 /* RoutePlanningAppSwiftUI.app */,
			);
			name = Products;
			sourceTree = "<group>";
		};
		CFF628C32BA81363008F16E8 /* RoutePlanningAppSwiftUI */ = {
			isa = PBXGroup;
			children = (
				CFF628D22BA81449008F16E8 /* App */,
				CFF628D32BA81450008F16E8 /* Core */,
				CFF628D72BA81466008F16E8 /* Extensions */,
				CFF628D62BA81464008F16E8 /* Managers */,
				CFF628D52BA81462008F16E8 /* Models */,
				CFF628D42BA8145F008F16E8 /* Services */,
				CFF628D82BA8149B008F16E8 /* Utils */,
				CFF628C82BA8136C008F16E8 /* Assets.xcassets */,
				CFF628CA2BA8136C008F16E8 /* Preview Content */,
			);
			path = RoutePlanningAppSwiftUI;
			sourceTree = "<group>";
		};
		CFF628CA2BA8136C008F16E8 /* Preview Content */ = {
			isa = PBXGroup;
			children = (
				CFF628CB2BA8136C008F16E8 /* Preview Assets.xcassets */,
			);
			path = "Preview Content";
			sourceTree = "<group>";
		};
		CFF628D22BA81449008F16E8 /* App */ = {
			isa = PBXGroup;
			children = (
				CFF628C42BA81363008F16E8 /* RoutePlanningAppSwiftUIApp.swift */,
			);
			path = App;
			sourceTree = "<group>";
		};
		CFF628D32BA81450008F16E8 /* Core */ = {
			isa = PBXGroup;
			children = (
				CFF628DF2BA81539008F16E8 /* Authentication */,
				CFF628DE2BA81528008F16E8 /* Components */,
				CFF628E62BA81699008F16E8 /* Root */,
				CFF628DD2BA81524008F16E8 /* SideMenu */,
				CFF628DA2BA81511008F16E8 /* Home */,
				CFF628DC2BA81522008F16E8 /* PlanRoute */,
				CFF628DB2BA8151D008F16E8 /* Profile */,
			);
			path = Core;
			sourceTree = "<group>";
		};
		CFF628D42BA8145F008F16E8 /* Services */ = {
			isa = PBXGroup;
			children = (
			);
			path = Services;
			sourceTree = "<group>";
		};
		CFF628D52BA81462008F16E8 /* Models */ = {
			isa = PBXGroup;
			children = (
			);
			path = Models;
			sourceTree = "<group>";
		};
		CFF628D62BA81464008F16E8 /* Managers */ = {
			isa = PBXGroup;
			children = (
			);
			path = Managers;
			sourceTree = "<group>";
		};
		CFF628D72BA81466008F16E8 /* Extensions */ = {
			isa = PBXGroup;
			children = (
			);
			path = Extensions;
			sourceTree = "<group>";
		};
		CFF628D82BA8149B008F16E8 /* Utils */ = {
			isa = PBXGroup;
			children = (
				CFF628F52BA833C3008F16E8 /* StandardTextFieldModifier.swift */,
				CFF628FA2BA839A5008F16E8 /* StandardButtonModifier.swift */,
			);
			path = Utils;
			sourceTree = "<group>";
		};
		CFF628DA2BA81511008F16E8 /* Home */ = {
			isa = PBXGroup;
			children = (
				CFF628EF2BA820CE008F16E8 /* Components */,
				CFF628E92BA8194E008F16E8 /* Model */,
				CFF628E82BA818F9008F16E8 /* Views */,
				CFF628E72BA818F7008F16E8 /* ViewModel */,
			);
			path = Home;
			sourceTree = "<group>";
		};
		CFF628DB2BA8151D008F16E8 /* Profile */ = {
			isa = PBXGroup;
			children = (
			);
			path = Profile;
			sourceTree = "<group>";
		};
		CFF628DC2BA81522008F16E8 /* PlanRoute */ = {
			isa = PBXGroup;
			children = (
				CFF628F72BA83536008F16E8 /* Components */,
				CFF628F22BA82F0A008F16E8 /* View */,
			);
			path = PlanRoute;
			sourceTree = "<group>";
		};
		CFF628DD2BA81524008F16E8 /* SideMenu */ = {
			isa = PBXGroup;
			children = (
			);
			path = SideMenu;
			sourceTree = "<group>";
		};
		CFF628DE2BA81528008F16E8 /* Components */ = {
			isa = PBXGroup;
			children = (
				CFF628ED2BA81E5F008F16E8 /* SideMenuButton.swift */,
			);
			path = Components;
			sourceTree = "<group>";
		};
		CFF628DF2BA81539008F16E8 /* Authentication */ = {
			isa = PBXGroup;
			children = (
				CFF628E32BA8160C008F16E8 /* Manager */,
				CFF628E22BA8160A008F16E8 /* Model */,
				CFF628E12BA81608008F16E8 /* Protocols */,
				CFF628E02BA81604008F16E8 /* Service */,
				CFF628E42BA81627008F16E8 /* Views */,
				CFF628E52BA81629008F16E8 /* ViewModels */,
			);
			path = Authentication;
			sourceTree = "<group>";
		};
		CFF628E02BA81604008F16E8 /* Service */ = {
			isa = PBXGroup;
			children = (
			);
			path = Service;
			sourceTree = "<group>";
		};
		CFF628E12BA81608008F16E8 /* Protocols */ = {
			isa = PBXGroup;
			children = (
			);
			path = Protocols;
			sourceTree = "<group>";
		};
		CFF628E22BA8160A008F16E8 /* Model */ = {
			isa = PBXGroup;
			children = (
			);
			path = Model;
			sourceTree = "<group>";
		};
		CFF628E32BA8160C008F16E8 /* Manager */ = {
			isa = PBXGroup;
			children = (
			);
			path = Manager;
			sourceTree = "<group>";
		};
		CFF628E42BA81627008F16E8 /* Views */ = {
			isa = PBXGroup;
			children = (
			);
			path = Views;
			sourceTree = "<group>";
		};
		CFF628E52BA81629008F16E8 /* ViewModels */ = {
			isa = PBXGroup;
			children = (
			);
			path = ViewModels;
			sourceTree = "<group>";
		};
		CFF628E62BA81699008F16E8 /* Root */ = {
			isa = PBXGroup;
			children = (
				CFF628C62BA81363008F16E8 /* ContentView.swift */,
			);
			path = Root;
			sourceTree = "<group>";
		};
		CFF628E72BA818F7008F16E8 /* ViewModel */ = {
			isa = PBXGroup;
			children = (
			);
			path = ViewModel;
			sourceTree = "<group>";
		};
		CFF628E82BA818F9008F16E8 /* Views */ = {
			isa = PBXGroup;
			children = (
				CFF628EB2BA81969008F16E8 /* HomeView.swift */,
				CFF628FF2BA93EB7008F16E8 /* RoutePreviewView.swift */,
			);
			path = Views;
			sourceTree = "<group>";
		};
		CFF628E92BA8194E008F16E8 /* Model */ = {
			isa = PBXGroup;
			children = (
			);
			path = Model;
			sourceTree = "<group>";
		};
		CFF628EF2BA820CE008F16E8 /* Components */ = {
			isa = PBXGroup;
			children = (
				CFF628F02BA820F6008F16E8 /* PlanRouteButtonView.swift */,
			);
			path = Components;
			sourceTree = "<group>";
		};
		CFF628F22BA82F0A008F16E8 /* View */ = {
			isa = PBXGroup;
			children = (
				CFF628F32BA82F23008F16E8 /* PlanRouteView.swift */,
			);
			path = View;
			sourceTree = "<group>";
		};
		CFF628F72BA83536008F16E8 /* Components */ = {
			isa = PBXGroup;
			children = (
				CFF628F82BA83548008F16E8 /* PlusMinusButton.swift */,
				CFF628FC2BA83D27008F16E8 /* AddressScrollView.swift */,
			);
			path = Components;
			sourceTree = "<group>";
		};
/* End PBXGroup section */

/* Begin PBXNativeTarget section */
		CFF628C02BA81363008F16E8 /* RoutePlanningAppSwiftUI */ = {
			isa = PBXNativeTarget;
			buildConfigurationList = CFF628CF2BA8136C008F16E8 /* Build configuration list for PBXNativeTarget "RoutePlanningAppSwiftUI" */;
			buildPhases = (
				CFF628BD2BA81363008F16E8 /* Sources */,
				CFF628BE2BA81363008F16E8 /* Frameworks */,
				CFF628BF2BA81363008F16E8 /* Resources */,
			);
			buildRules = (
			);
			dependencies = (
			);
			name = RoutePlanningAppSwiftUI;
			productName = RoutePlanningAppSwiftUI;
			productReference = CFF628C12BA81363008F16E8 /* RoutePlanningAppSwiftUI.app */;
			productType = "com.apple.product-type.application";
		};
/* End PBXNativeTarget section */

/* Begin PBXProject section */
		CFF628B92BA81363008F16E8 /* Project object */ = {
			isa = PBXProject;
			attributes = {
				BuildIndependentTargetsInParallel = 1;
				LastSwiftUpdateCheck = 1530;
				LastUpgradeCheck = 1530;
				TargetAttributes = {
					CFF628C02BA81363008F16E8 = {
						CreatedOnToolsVersion = 15.3;
					};
				};
			};
			buildConfigurationList = CFF628BC2BA81363008F16E8 /* Build configuration list for PBXProject "RoutePlanningAppSwiftUI" */;
			compatibilityVersion = "Xcode 14.0";
			developmentRegion = en;
			hasScannedForEncodings = 0;
			knownRegions = (
				en,
				Base,
			);
			mainGroup = CFF628B82BA81363008F16E8;
			productRefGroup = CFF628C22BA81363008F16E8 /* Products */;
			projectDirPath = "";
			projectRoot = "";
			targets = (
				CFF628C02BA81363008F16E8 /* RoutePlanningAppSwiftUI */,
			);
		};
/* End PBXProject section */

/* Begin PBXResourcesBuildPhase section */
		CFF628BF2BA81363008F16E8 /* Resources */ = {
			isa = PBXResourcesBuildPhase;
			buildActionMask = 2147483647;
			files = (
				CFF628CC2BA8136C008F16E8 /* Preview Assets.xcassets in Resources */,
				CFF628C92BA8136C008F16E8 /* Assets.xcassets in Resources */,
			);
			runOnlyForDeploymentPostprocessing = 0;
		};
/* End PBXResourcesBuildPhase section */

/* Begin PBXSourcesBuildPhase section */
		CFF628BD2BA81363008F16E8 /* Sources */ = {
			isa = PBXSourcesBuildPhase;
			buildActionMask = 2147483647;
			files = (
				CFF628C72BA81363008F16E8 /* ContentView.swift in Sources */,
				CFF628F42BA82F23008F16E8 /* PlanRouteView.swift in Sources */,
				CFF628F12BA820F6008F16E8 /* PlanRouteButtonView.swift in Sources */,
				CFF628FB2BA839A5008F16E8 /* StandardButtonModifier.swift in Sources */,
				CFF629002BA93EB8008F16E8 /* RoutePreviewView.swift in Sources */,
				CFF628EE2BA81E5F008F16E8 /* SideMenuButton.swift in Sources */,
				CFF628F92BA83548008F16E8 /* PlusMinusButton.swift in Sources */,
				CFF628FD2BA83D27008F16E8 /* AddressScrollView.swift in Sources */,
				CFF628EC2BA81969008F16E8 /* HomeView.swift in Sources */,
				CFF628F62BA833C3008F16E8 /* StandardTextFieldModifier.swift in Sources */,
				CFF628C52BA81363008F16E8 /* RoutePlanningAppSwiftUIApp.swift in Sources */,
			);
			runOnlyForDeploymentPostprocessing = 0;
		};
/* End PBXSourcesBuildPhase section */

/* Begin XCBuildConfiguration section */
		CFF628CD2BA8136C008F16E8 /* Debug */ = {
			isa = XCBuildConfiguration;
			buildSettings = {
				ALWAYS_SEARCH_USER_PATHS = NO;
				ASSETCATALOG_COMPILER_GENERATE_SWIFT_ASSET_SYMBOL_EXTENSIONS = YES;
				CLANG_ANALYZER_NONNULL = YES;
				CLANG_ANALYZER_NUMBER_OBJECT_CONVERSION = YES_AGGRESSIVE;
				CLANG_CXX_LANGUAGE_STANDARD = "gnu++20";
				CLANG_ENABLE_MODULES = YES;
				CLANG_ENABLE_OBJC_ARC = YES;
				CLANG_ENABLE_OBJC_WEAK = YES;
				CLANG_WARN_BLOCK_CAPTURE_AUTORELEASING = YES;
				CLANG_WARN_BOOL_CONVERSION = YES;
				CLANG_WARN_COMMA = YES;
				CLANG_WARN_CONSTANT_CONVERSION = YES;
				CLANG_WARN_DEPRECATED_OBJC_IMPLEMENTATIONS = YES;
				CLANG_WARN_DIRECT_OBJC_ISA_USAGE = YES_ERROR;
				CLANG_WARN_DOCUMENTATION_COMMENTS = YES;
				CLANG_WARN_EMPTY_BODY = YES;
				CLANG_WARN_ENUM_CONVERSION = YES;
				CLANG_WARN_INFINITE_RECURSION = YES;
				CLANG_WARN_INT_CONVERSION = YES;
				CLANG_WARN_NON_LITERAL_NULL_CONVERSION = YES;
				CLANG_WARN_OBJC_IMPLICIT_RETAIN_SELF = YES;
				CLANG_WARN_OBJC_LITERAL_CONVERSION = YES;
				CLANG_WARN_OBJC_ROOT_CLASS = YES_ERROR;
				CLANG_WARN_QUOTED_INCLUDE_IN_FRAMEWORK_HEADER = YES;
				CLANG_WARN_RANGE_LOOP_ANALYSIS = YES;
				CLANG_WARN_STRICT_PROTOTYPES = YES;
				CLANG_WARN_SUSPICIOUS_MOVE = YES;
				CLANG_WARN_UNGUARDED_AVAILABILITY = YES_AGGRESSIVE;
				CLANG_WARN_UNREACHABLE_CODE = YES;
				CLANG_WARN__DUPLICATE_METHOD_MATCH = YES;
				COPY_PHASE_STRIP = NO;
				DEBUG_INFORMATION_FORMAT = dwarf;
				ENABLE_STRICT_OBJC_MSGSEND = YES;
				ENABLE_TESTABILITY = YES;
				ENABLE_USER_SCRIPT_SANDBOXING = YES;
				GCC_C_LANGUAGE_STANDARD = gnu17;
				GCC_DYNAMIC_NO_PIC = NO;
				GCC_NO_COMMON_BLOCKS = YES;
				GCC_OPTIMIZATION_LEVEL = 0;
				GCC_PREPROCESSOR_DEFINITIONS = (
					"DEBUG=1",
					"$(inherited)",
				);
				GCC_WARN_64_TO_32_BIT_CONVERSION = YES;
				GCC_WARN_ABOUT_RETURN_TYPE = YES_ERROR;
				GCC_WARN_UNDECLARED_SELECTOR = YES;
				GCC_WARN_UNINITIALIZED_AUTOS = YES_AGGRESSIVE;
				GCC_WARN_UNUSED_FUNCTION = YES;
				GCC_WARN_UNUSED_VARIABLE = YES;
				IPHONEOS_DEPLOYMENT_TARGET = 17.4;
				LOCALIZATION_PREFERS_STRING_CATALOGS = YES;
				MTL_ENABLE_DEBUG_INFO = INCLUDE_SOURCE;
				MTL_FAST_MATH = YES;
				ONLY_ACTIVE_ARCH = YES;
				SDKROOT = iphoneos;
				SWIFT_ACTIVE_COMPILATION_CONDITIONS = "DEBUG $(inherited)";
				SWIFT_OPTIMIZATION_LEVEL = "-Onone";
			};
			name = Debug;
		};
		CFF628CE2BA8136C008F16E8 /* Release */ = {
			isa = XCBuildConfiguration;
			buildSettings = {
				ALWAYS_SEARCH_USER_PATHS = NO;
				ASSETCATALOG_COMPILER_GENERATE_SWIFT_ASSET_SYMBOL_EXTENSIONS = YES;
				CLANG_ANALYZER_NONNULL = YES;
				CLANG_ANALYZER_NUMBER_OBJECT_CONVERSION = YES_AGGRESSIVE;
				CLANG_CXX_LANGUAGE_STANDARD = "gnu++20";
				CLANG_ENABLE_MODULES = YES;
				CLANG_ENABLE_OBJC_ARC = YES;
				CLANG_ENABLE_OBJC_WEAK = YES;
				CLANG_WARN_BLOCK_CAPTURE_AUTORELEASING = YES;
				CLANG_WARN_BOOL_CONVERSION = YES;
				CLANG_WARN_COMMA = YES;
				CLANG_WARN_CONSTANT_CONVERSION = YES;
				CLANG_WARN_DEPRECATED_OBJC_IMPLEMENTATIONS = YES;
				CLANG_WARN_DIRECT_OBJC_ISA_USAGE = YES_ERROR;
				CLANG_WARN_DOCUMENTATION_COMMENTS = YES;
				CLANG_WARN_EMPTY_BODY = YES;
				CLANG_WARN_ENUM_CONVERSION = YES;
				CLANG_WARN_INFINITE_RECURSION = YES;
				CLANG_WARN_INT_CONVERSION = YES;
				CLANG_WARN_NON_LITERAL_NULL_CONVERSION = YES;
				CLANG_WARN_OBJC_IMPLICIT_RETAIN_SELF = YES;
				CLANG_WARN_OBJC_LITERAL_CONVERSION = YES;
				CLANG_WARN_OBJC_ROOT_CLASS = YES_ERROR;
				CLANG_WARN_QUOTED_INCLUDE_IN_FRAMEWORK_HEADER = YES;
				CLANG_WARN_RANGE_LOOP_ANALYSIS = YES;
				CLANG_WARN_STRICT_PROTOTYPES = YES;
				CLANG_WARN_SUSPICIOUS_MOVE = YES;
				CLANG_WARN_UNGUARDED_AVAILABILITY = YES_AGGRESSIVE;
				CLANG_WARN_UNREACHABLE_CODE = YES;
				CLANG_WARN__DUPLICATE_METHOD_MATCH = YES;
				COPY_PHASE_STRIP = NO;
				DEBUG_INFORMATION_FORMAT = "dwarf-with-dsym";
				ENABLE_NS_ASSERTIONS = NO;
				ENABLE_STRICT_OBJC_MSGSEND = YES;
				ENABLE_USER_SCRIPT_SANDBOXING = YES;
				GCC_C_LANGUAGE_STANDARD = gnu17;
				GCC_NO_COMMON_BLOCKS = YES;
				GCC_WARN_64_TO_32_BIT_CONVERSION = YES;
				GCC_WARN_ABOUT_RETURN_TYPE = YES_ERROR;
				GCC_WARN_UNDECLARED_SELECTOR = YES;
				GCC_WARN_UNINITIALIZED_AUTOS = YES_AGGRESSIVE;
				GCC_WARN_UNUSED_FUNCTION = YES;
				GCC_WARN_UNUSED_VARIABLE = YES;
				IPHONEOS_DEPLOYMENT_TARGET = 17.4;
				LOCALIZATION_PREFERS_STRING_CATALOGS = YES;
				MTL_ENABLE_DEBUG_INFO = NO;
				MTL_FAST_MATH = YES;
				SDKROOT = iphoneos;
				SWIFT_COMPILATION_MODE = wholemodule;
				VALIDATE_PRODUCT = YES;
			};
			name = Release;
		};
		CFF628D02BA8136C008F16E8 /* Debug */ = {
			isa = XCBuildConfiguration;
			buildSettings = {
				ASSETCATALOG_COMPILER_APPICON_NAME = AppIcon;
				ASSETCATALOG_COMPILER_GLOBAL_ACCENT_COLOR_NAME = AccentColor;
				CODE_SIGN_STYLE = Automatic;
				CURRENT_PROJECT_VERSION = 1;
				DEVELOPMENT_ASSET_PATHS = "\"RoutePlanningAppSwiftUI/Preview Content\"";
				DEVELOPMENT_TEAM = 9P4H9V8B86;
				ENABLE_PREVIEWS = YES;
				GENERATE_INFOPLIST_FILE = YES;
				INFOPLIST_KEY_UIApplicationSceneManifest_Generation = YES;
				INFOPLIST_KEY_UIApplicationSupportsIndirectInputEvents = YES;
				INFOPLIST_KEY_UILaunchScreen_Generation = YES;
				INFOPLIST_KEY_UISupportedInterfaceOrientations_iPad = "UIInterfaceOrientationPortrait UIInterfaceOrientationPortraitUpsideDown UIInterfaceOrientationLandscapeLeft UIInterfaceOrientationLandscapeRight";
				INFOPLIST_KEY_UISupportedInterfaceOrientations_iPhone = "UIInterfaceOrientationPortrait UIInterfaceOrientationLandscapeLeft UIInterfaceOrientationLandscapeRight";
				LD_RUNPATH_SEARCH_PATHS = (
					"$(inherited)",
					"@executable_path/Frameworks",
				);
				MARKETING_VERSION = 1.0;
				PRODUCT_BUNDLE_IDENTIFIER = com.renesalomone.RoutePlanningAppSwiftUI;
				PRODUCT_NAME = "$(TARGET_NAME)";
				SWIFT_EMIT_LOC_STRINGS = YES;
				SWIFT_VERSION = 5.0;
				TARGETED_DEVICE_FAMILY = "1,2";
			};
			name = Debug;
		};
		CFF628D12BA8136C008F16E8 /* Release */ = {
			isa = XCBuildConfiguration;
			buildSettings = {
				ASSETCATALOG_COMPILER_APPICON_NAME = AppIcon;
				ASSETCATALOG_COMPILER_GLOBAL_ACCENT_COLOR_NAME = AccentColor;
				CODE_SIGN_STYLE = Automatic;
				CURRENT_PROJECT_VERSION = 1;
				DEVELOPMENT_ASSET_PATHS = "\"RoutePlanningAppSwiftUI/Preview Content\"";
				DEVELOPMENT_TEAM = 9P4H9V8B86;
				ENABLE_PREVIEWS = YES;
				GENERATE_INFOPLIST_FILE = YES;
				INFOPLIST_KEY_UIApplicationSceneManifest_Generation = YES;
				INFOPLIST_KEY_UIApplicationSupportsIndirectInputEvents = YES;
				INFOPLIST_KEY_UILaunchScreen_Generation = YES;
				INFOPLIST_KEY_UISupportedInterfaceOrientations_iPad = "UIInterfaceOrientationPortrait UIInterfaceOrientationPortraitUpsideDown UIInterfaceOrientationLandscapeLeft UIInterfaceOrientationLandscapeRight";
				INFOPLIST_KEY_UISupportedInterfaceOrientations_iPhone = "UIInterfaceOrientationPortrait UIInterfaceOrientationLandscapeLeft UIInterfaceOrientationLandscapeRight";
				LD_RUNPATH_SEARCH_PATHS = (
					"$(inherited)",
					"@executable_path/Frameworks",
				);
				MARKETING_VERSION = 1.0;
				PRODUCT_BUNDLE_IDENTIFIER = com.renesalomone.RoutePlanningAppSwiftUI;
				PRODUCT_NAME = "$(TARGET_NAME)";
				SWIFT_EMIT_LOC_STRINGS = YES;
				SWIFT_VERSION = 5.0;
				TARGETED_DEVICE_FAMILY = "1,2";
			};
			name = Release;
		};
/* End XCBuildConfiguration section */

/* Begin XCConfigurationList section */
		CFF628BC2BA81363008F16E8 /* Build configuration list for PBXProject "RoutePlanningAppSwiftUI" */ = {
			isa = XCConfigurationList;
			buildConfigurations = (
				CFF628CD2BA8136C008F16E8 /* Debug */,
				CFF628CE2BA8136C008F16E8 /* Release */,
			);
			defaultConfigurationIsVisible = 0;
			defaultConfigurationName = Release;
		};
		CFF628CF2BA8136C008F16E8 /* Build configuration list for PBXNativeTarget "RoutePlanningAppSwiftUI" */ = {
			isa = XCConfigurationList;
			buildConfigurations = (
				CFF628D02BA8136C008F16E8 /* Debug */,
				CFF628D12BA8136C008F16E8 /* Release */,
			);
			defaultConfigurationIsVisible = 0;
			defaultConfigurationName = Release;
		};
/* End XCConfigurationList section */
	};
	rootObject = CFF628B92BA81363008F16E8 /* Project object */;
}
